
Microsoft Visual Studio Solution File, Format Version 12.00
# Visual Studio 2013
VisualStudioVersion = 12.0.21005.1
MinimumVisualStudioVersion = 10.0.40219.1
Project("{FAE04EC0-301F-11D3-BF4B-00C04F79EFBC}") = "iTrellis.TripCalculator", "iTrellis.TripCalculator\iTrellis.TripCalculator.csproj", "{83458154-2553-4190-B79D-6CE34505294F}"
EndProject
Project("{FAE04EC0-301F-11D3-BF4B-00C04F79EFBC}") = "iTrellis.TripCalculator.Tests", "iTrellis.TripCalculator.Tests\iTrellis.TripCalculator.Tests.csproj", "{25EFA3E4-2937-4A7E-98D7-605C7BEE8996}"
EndProject
Project("{2150E333-8FDC-42A3-9474-1A3956D46DE8}") = ".nuget", ".nuget", "{E8CD90E1-30EC-4664-8F35-38EB4D11DEEA}"
	ProjectSection(SolutionItems) = preProject
		.nuget\NuGet.Config = .nuget\NuGet.Config
		.nuget\NuGet.exe = .nuget\NuGet.exe
		.nuget\NuGet.targets = .nuget\NuGet.targets
	EndProjectSection
EndProject
Global
	GlobalSection(SolutionConfigurationPlatforms) = preSolution
		Debug|Any CPU = Debug|Any CPU
		Release|Any CPU = Release|Any CPU
	EndGlobalSection
	GlobalSection(ProjectConfigurationPlatforms) = postSolution
		{83458154-2553-4190-B79D-6CE34505294F}.Debug|Any CPU.ActiveCfg = Debug|Any CPU
		{83458154-2553-4190-B79D-6CE34505294F}.Debug|Any CPU.Build.0 = Debug|Any CPU
		{83458154-2553-4190-B79D-6CE34505294F}.Release|Any CPU.ActiveCfg = Release|Any CPU
		{83458154-2553-4190-B79D-6CE34505294F}.Release|Any CPU.Build.0 = Release|Any CPU
		{25EFA3E4-2937-4A7E-98D7-605C7BEE8996}.Debug|Any CPU.ActiveCfg = Debug|Any CPU
		{25EFA3E4-2937-4A7E-98D7-605C7BEE8996}.Debug|Any CPU.Build.0 = Debug|Any CPU
		{25EFA3E4-2937-4A7E-98D7-605C7BEE8996}.Release|Any CPU.ActiveCfg = Release|Any CPU
		{25EFA3E4-2937-4A7E-98D7-605C7BEE8996}.Release|Any CPU.Build.0 = Release|Any CPU
	EndGlobalSection
	GlobalSection(SolutionProperties) = preSolution
		HideSolutionNode = FALSE
	EndGlobalSection
EndGlobal
